
Microsoft Visual Studio Solution File, Format Version 12.00
# Visual Studio Version 17
VisualStudioVersion = 17.4.33205.214
MinimumVisualStudioVersion = 10.0.40219.1
Project("{9A19103F-16F7-4668-BE54-9A1E7A4F7556}") = "ImageResizer", "ImageResizer\ImageResizer.csproj", "{8A35AC27-2E53-4350-882C-8B18DE3F87B8}"
EndProject
Project("{FAE04EC0-301F-11D3-BF4B-00C04F79EFBC}") = "ImageResizer.UnitTests", "ImageResizer.UnitTests\ImageResizer.UnitTests.csproj", "{2FA4C41E-7808-4E7B-9F86-830B58183CC8}"
EndProject
Global
	GlobalSection(SolutionConfigurationPlatforms) = preSolution
		Debug|Any CPU = Debug|Any CPU
		Release|Any CPU = Release|Any CPU
	EndGlobalSection
	GlobalSection(ProjectConfigurationPlatforms) = postSolution
		{8A35AC27-2E53-4350-882C-8B18DE3F87B8}.Debug|Any CPU.ActiveCfg = Debug|Any CPU
		{8A35AC27-2E53-4350-882C-8B18DE3F87B8}.Debug|Any CPU.Build.0 = Debug|Any CPU
		{8A35AC27-2E53-4350-882C-8B18DE3F87B8}.Release|Any CPU.ActiveCfg = Release|Any CPU
		{8A35AC27-2E53-4350-882C-8B18DE3F87B8}.Release|Any CPU.Build.0 = Release|Any CPU
		{2FA4C41E-7808-4E7B-9F86-830B58183CC8}.Debug|Any CPU.ActiveCfg = Debug|Any CPU
		{2FA4C41E-7808-4E7B-9F86-830B58183CC8}.Debug|Any CPU.Build.0 = Debug|Any CPU
		{2FA4C41E-7808-4E7B-9F86-830B58183CC8}.Release|Any CPU.ActiveCfg = Release|Any CPU
		{2FA4C41E-7808-4E7B-9F86-830B58183CC8}.Release|Any CPU.Build.0 = Release|Any CPU
	EndGlobalSection
	GlobalSection(SolutionProperties) = preSolution
		HideSolutionNode = FALSE
	EndGlobalSection
	GlobalSection(ExtensibilityGlobals) = postSolution
		SolutionGuid = {AC66500C-C1A9-4EBD-974F-F333467D5D38}
	EndGlobalSection
EndGlobal
